// !$*UTF8*$!
{
	archiveVersion = 1;
	classes = {
	};
	objectVersion = 50;
	objects = {

/* Begin PBXBuildFile section */
		38A834FD22DCBEC50066701D /* AppDelegate.swift in Sources */ = {isa = PBXBuildFile; fileRef = 38A834FC22DCBEC50066701D /* AppDelegate.swift */; };
		38A8350222DCBEC50066701D /* Main.storyboard in Resources */ = {isa = PBXBuildFile; fileRef = 38A8350022DCBEC50066701D /* Main.storyboard */; };
		38A8350422DCBEC60066701D /* Assets.xcassets in Resources */ = {isa = PBXBuildFile; fileRef = 38A8350322DCBEC60066701D /* Assets.xcassets */; };
		38A8350722DCBEC60066701D /* LaunchScreen.storyboard in Resources */ = {isa = PBXBuildFile; fileRef = 38A8350522DCBEC60066701D /* LaunchScreen.storyboard */; };
		38A8351022DCC1D70066701D /* AboutTableViewCell.swift in Sources */ = {isa = PBXBuildFile; fileRef = 38A8350E22DCC1D70066701D /* AboutTableViewCell.swift */; };
		38A8351122DCC1D70066701D /* AboutTableViewCell.xib in Resources */ = {isa = PBXBuildFile; fileRef = 38A8350F22DCC1D70066701D /* AboutTableViewCell.xib */; };
		38A8352222DD8C2C0066701D /* Profile.swift in Sources */ = {isa = PBXBuildFile; fileRef = 38A8352122DD8C2C0066701D /* Profile.swift */; };
		38A8352422DD8CA80066701D /* SocialMedia.swift in Sources */ = {isa = PBXBuildFile; fileRef = 38A8352322DD8CA80066701D /* SocialMedia.swift */; };
		38A8352622DD8CE40066701D /* Pets.swift in Sources */ = {isa = PBXBuildFile; fileRef = 38A8352522DD8CE40066701D /* Pets.swift */; };
		38A8352922DD8D740066701D /* DiffCalculator.swift in Sources */ = {isa = PBXBuildFile; fileRef = 38A8352822DD8D740066701D /* DiffCalculator.swift */; };
		38A8352C22DD8F200066701D /* CellItem.swift in Sources */ = {isa = PBXBuildFile; fileRef = 38A8352B22DD8F200066701D /* CellItem.swift */; };
		38A8352E22DD90860066701D /* SectionType.swift in Sources */ = {isa = PBXBuildFile; fileRef = 38A8352D22DD90860066701D /* SectionType.swift */; };
		38A8353022DD95080066701D /* ListViewModel.swift in Sources */ = {isa = PBXBuildFile; fileRef = 38A8352F22DD95080066701D /* ListViewModel.swift */; };
		38A8353522DF419F0066701D /* ThumbNailTableViewCell.swift in Sources */ = {isa = PBXBuildFile; fileRef = 38A8353322DF419F0066701D /* ThumbNailTableViewCell.swift */; };
		38A8353622DF419F0066701D /* ThumbNailTableViewCell.xib in Resources */ = {isa = PBXBuildFile; fileRef = 38A8353422DF419F0066701D /* ThumbNailTableViewCell.xib */; };
		38A8353822E1D1E40066701D /* ProfileViewController.swift in Sources */ = {isa = PBXBuildFile; fileRef = 38A8353722E1D1E40066701D /* ProfileViewController.swift */; };
/* End PBXBuildFile section */

/* Begin PBXFileReference section */
		38A834F922DCBEC50066701D /* ProfileTableView.app */ = {isa = PBXFileReference; explicitFileType = wrapper.application; includeInIndex = 0; path = ProfileTableView.app; sourceTree = BUILT_PRODUCTS_DIR; };
		38A834FC22DCBEC50066701D /* AppDelegate.swift */ = {isa = PBXFileReference; lastKnownFileType = sourcecode.swift; path = AppDelegate.swift; sourceTree = "<group>"; };
		38A8350122DCBEC50066701D /* Base */ = {isa = PBXFileReference; lastKnownFileType = file.storyboard; name = Base; path = Base.lproj/Main.storyboard; sourceTree = "<group>"; };
		38A8350322DCBEC60066701D /* Assets.xcassets */ = {isa = PBXFileReference; lastKnownFileType = folder.assetcatalog; path = Assets.xcassets; sourceTree = "<group>"; };
		38A8350622DCBEC60066701D /* Base */ = {isa = PBXFileReference; lastKnownFileType = file.storyboard; name = Base; path = Base.lproj/LaunchScreen.storyboard; sourceTree = "<group>"; };
		38A8350822DCBEC60066701D /* Info.plist */ = {isa = PBXFileReference; lastKnownFileType = text.plist.xml; path = Info.plist; sourceTree = "<group>"; };
		38A8350E22DCC1D70066701D /* AboutTableViewCell.swift */ = {isa = PBXFileReference; lastKnownFileType = sourcecode.swift; path = AboutTableViewCell.swift; sourceTree = "<group>"; };
		38A8350F22DCC1D70066701D /* AboutTableViewCell.xib */ = {isa = PBXFileReference; lastKnownFileType = file.xib; path = AboutTableViewCell.xib; sourceTree = "<group>"; };
		38A8352122DD8C2C0066701D /* Profile.swift */ = {isa = PBXFileReference; lastKnownFileType = sourcecode.swift; path = Profile.swift; sourceTree = "<group>"; };
		38A8352322DD8CA80066701D /* SocialMedia.swift */ = {isa = PBXFileReference; lastKnownFileType = sourcecode.swift; path = SocialMedia.swift; sourceTree = "<group>"; };
		38A8352522DD8CE40066701D /* Pets.swift */ = {isa = PBXFileReference; lastKnownFileType = sourcecode.swift; path = Pets.swift; sourceTree = "<group>"; };
		38A8352822DD8D740066701D /* DiffCalculator.swift */ = {isa = PBXFileReference; fileEncoding = 4; lastKnownFileType = sourcecode.swift; path = DiffCalculator.swift; sourceTree = "<group>"; };
		38A8352B22DD8F200066701D /* CellItem.swift */ = {isa = PBXFileReference; lastKnownFileType = sourcecode.swift; path = CellItem.swift; sourceTree = "<group>"; };
		38A8352D22DD90860066701D /* SectionType.swift */ = {isa = PBXFileReference; lastKnownFileType = sourcecode.swift; path = SectionType.swift; sourceTree = "<group>"; };
		38A8352F22DD95080066701D /* ListViewModel.swift */ = {isa = PBXFileReference; lastKnownFileType = sourcecode.swift; path = ListViewModel.swift; sourceTree = "<group>"; };
		38A8353322DF419F0066701D /* ThumbNailTableViewCell.swift */ = {isa = PBXFileReference; lastKnownFileType = sourcecode.swift; path = ThumbNailTableViewCell.swift; sourceTree = "<group>"; };
		38A8353422DF419F0066701D /* ThumbNailTableViewCell.xib */ = {isa = PBXFileReference; lastKnownFileType = file.xib; path = ThumbNailTableViewCell.xib; sourceTree = "<group>"; };
		38A8353722E1D1E40066701D /* ProfileViewController.swift */ = {isa = PBXFileReference; fileEncoding = 4; lastKnownFileType = sourcecode.swift; path = ProfileViewController.swift; sourceTree = "<group>"; };
/* End PBXFileReference section */

/* Begin PBXFrameworksBuildPhase section */
		38A834F622DCBEC50066701D /* Frameworks */ = {
			isa = PBXFrameworksBuildPhase;
			buildActionMask = 2147483647;
			files = (
			);
			runOnlyForDeploymentPostprocessing = 0;
		};
/* End PBXFrameworksBuildPhase section */

/* Begin PBXGroup section */
		38A834F022DCBEC50066701D = {
			isa = PBXGroup;
			children = (
				38A834FB22DCBEC50066701D /* ProfileTableView */,
				38A834FA22DCBEC50066701D /* Products */,
			);
			sourceTree = "<group>";
		};
		38A834FA22DCBEC50066701D /* Products */ = {
			isa = PBXGroup;
			children = (
				38A834F922DCBEC50066701D /* ProfileTableView.app */,
			);
			name = Products;
			sourceTree = "<group>";
		};
		38A834FB22DCBEC50066701D /* ProfileTableView */ = {
			isa = PBXGroup;
			children = (
				38A8353D22E6E70E0066701D /* Views */,
				38A8352A22DD8F170066701D /* ViewModels */,
				38A8352722DD8D5C0066701D /* DiffCalculator */,
				38A8352022DD8C1B0066701D /* Models */,
				38A834FC22DCBEC50066701D /* AppDelegate.swift */,
				38A8350022DCBEC50066701D /* Main.storyboard */,
				38A8350322DCBEC60066701D /* Assets.xcassets */,
				38A8350522DCBEC60066701D /* LaunchScreen.storyboard */,
				38A8350822DCBEC60066701D /* Info.plist */,
			);
			path = ProfileTableView;
			sourceTree = "<group>";
		};
		38A8352022DD8C1B0066701D /* Models */ = {
			isa = PBXGroup;
			children = (
				38A8352122DD8C2C0066701D /* Profile.swift */,
				38A8352322DD8CA80066701D /* SocialMedia.swift */,
				38A8352522DD8CE40066701D /* Pets.swift */,
			);
			path = Models;
			sourceTree = "<group>";
		};
		38A8352722DD8D5C0066701D /* DiffCalculator */ = {
			isa = PBXGroup;
			children = (
				38A8352822DD8D740066701D /* DiffCalculator.swift */,
			);
			path = DiffCalculator;
			sourceTree = "<group>";
		};
		38A8352A22DD8F170066701D /* ViewModels */ = {
			isa = PBXGroup;
			children = (
				38A8352B22DD8F200066701D /* CellItem.swift */,
				38A8352D22DD90860066701D /* SectionType.swift */,
				38A8352F22DD95080066701D /* ListViewModel.swift */,
			);
			path = ViewModels;
			sourceTree = "<group>";
		};
		38A8353D22E6E70E0066701D /* Views */ = {
			isa = PBXGroup;
			children = (
				38A8353722E1D1E40066701D /* ProfileViewController.swift */,
				38A8353E22E6E7420066701D /* Cells */,
			);
			path = Views;
			sourceTree = "<group>";
		};
		38A8353E22E6E7420066701D /* Cells */ = {
			isa = PBXGroup;
			children = (
				38A8350E22DCC1D70066701D /* AboutTableViewCell.swift */,
				38A8350F22DCC1D70066701D /* AboutTableViewCell.xib */,
				38A8353322DF419F0066701D /* ThumbNailTableViewCell.swift */,
				38A8353422DF419F0066701D /* ThumbNailTableViewCell.xib */,
			);
			path = Cells;
			sourceTree = "<group>";
		};
/* End PBXGroup section */

/* Begin PBXNativeTarget section */
		38A834F822DCBEC50066701D /* ProfileTableView */ = {
			isa = PBXNativeTarget;
			buildConfigurationList = 38A8350B22DCBEC60066701D /* Build configuration list for PBXNativeTarget "ProfileTableView" */;
			buildPhases = (
				38A834F522DCBEC50066701D /* Sources */,
				38A834F622DCBEC50066701D /* Frameworks */,
				38A834F722DCBEC50066701D /* Resources */,
			);
			buildRules = (
			);
			dependencies = (
			);
			name = ProfileTableView;
			productName = ProfileTableView;
			productReference = 38A834F922DCBEC50066701D /* ProfileTableView.app */;
			productType = "com.apple.product-type.application";
		};
/* End PBXNativeTarget section */

/* Begin PBXProject section */
		38A834F122DCBEC50066701D /* Project object */ = {
			isa = PBXProject;
			attributes = {
				LastSwiftUpdateCheck = 1020;
				LastUpgradeCheck = 1020;
				ORGANIZATIONNAME = "Vania Radmila Alfitri";
				TargetAttributes = {
					38A834F822DCBEC50066701D = {
						CreatedOnToolsVersion = 10.2.1;
					};
				};
			};
			buildConfigurationList = 38A834F422DCBEC50066701D /* Build configuration list for PBXProject "ProfileTableView" */;
			compatibilityVersion = "Xcode 9.3";
			developmentRegion = en;
			hasScannedForEncodings = 0;
			knownRegions = (
				en,
				Base,
			);
			mainGroup = 38A834F022DCBEC50066701D;
			productRefGroup = 38A834FA22DCBEC50066701D /* Products */;
			projectDirPath = "";
			projectRoot = "";
			targets = (
				38A834F822DCBEC50066701D /* ProfileTableView */,
			);
		};
/* End PBXProject section */

/* Begin PBXResourcesBuildPhase section */
		38A834F722DCBEC50066701D /* Resources */ = {
			isa = PBXResourcesBuildPhase;
			buildActionMask = 2147483647;
			files = (
				38A8353622DF419F0066701D /* ThumbNailTableViewCell.xib in Resources */,
				38A8350722DCBEC60066701D /* LaunchScreen.storyboard in Resources */,
				38A8351122DCC1D70066701D /* AboutTableViewCell.xib in Resources */,
				38A8350422DCBEC60066701D /* Assets.xcassets in Resources */,
				38A8350222DCBEC50066701D /* Main.storyboard in Resources */,
			);
			runOnlyForDeploymentPostprocessing = 0;
		};
/* End PBXResourcesBuildPhase section */

/* Begin PBXSourcesBuildPhase section */
		38A834F522DCBEC50066701D /* Sources */ = {
			isa = PBXSourcesBuildPhase;
			buildActionMask = 2147483647;
			files = (
				38A8353822E1D1E40066701D /* ProfileViewController.swift in Sources */,
				38A8352C22DD8F200066701D /* CellItem.swift in Sources */,
				38A8351022DCC1D70066701D /* AboutTableViewCell.swift in Sources */,
				38A8352922DD8D740066701D /* DiffCalculator.swift in Sources */,
				38A8352622DD8CE40066701D /* Pets.swift in Sources */,
				38A8352222DD8C2C0066701D /* Profile.swift in Sources */,
				38A8353022DD95080066701D /* ListViewModel.swift in Sources */,
				38A834FD22DCBEC50066701D /* AppDelegate.swift in Sources */,
				38A8352422DD8CA80066701D /* SocialMedia.swift in Sources */,
				38A8353522DF419F0066701D /* ThumbNailTableViewCell.swift in Sources */,
				38A8352E22DD90860066701D /* SectionType.swift in Sources */,
			);
			runOnlyForDeploymentPostprocessing = 0;
		};
/* End PBXSourcesBuildPhase section */

/* Begin PBXVariantGroup section */
		38A8350022DCBEC50066701D /* Main.storyboard */ = {
			isa = PBXVariantGroup;
			children = (
				38A8350122DCBEC50066701D /* Base */,
			);
			name = Main.storyboard;
			sourceTree = "<group>";
		};
		38A8350522DCBEC60066701D /* LaunchScreen.storyboard */ = {
			isa = PBXVariantGroup;
			children = (
				38A8350622DCBEC60066701D /* Base */,
			);
			name = LaunchScreen.storyboard;
			sourceTree = "<group>";
		};
/* End PBXVariantGroup section */

/* Begin XCBuildConfiguration section */
		38A8350922DCBEC60066701D /* Debug */ = {
			isa = XCBuildConfiguration;
			buildSettings = {
				ALWAYS_SEARCH_USER_PATHS = NO;
				CLANG_ANALYZER_NONNULL = YES;
				CLANG_ANALYZER_NUMBER_OBJECT_CONVERSION = YES_AGGRESSIVE;
				CLANG_CXX_LANGUAGE_STANDARD = "gnu++14";
				CLANG_CXX_LIBRARY = "libc++";
				CLANG_ENABLE_MODULES = YES;
				CLANG_ENABLE_OBJC_ARC = YES;
				CLANG_ENABLE_OBJC_WEAK = YES;
				CLANG_WARN_BLOCK_CAPTURE_AUTORELEASING = YES;
				CLANG_WARN_BOOL_CONVERSION = YES;
				CLANG_WARN_COMMA = YES;
				CLANG_WARN_CONSTANT_CONVERSION = YES;
				CLANG_WARN_DEPRECATED_OBJC_IMPLEMENTATIONS = YES;
				CLANG_WARN_DIRECT_OBJC_ISA_USAGE = YES_ERROR;
				CLANG_WARN_DOCUMENTATION_COMMENTS = YES;
				CLANG_WARN_EMPTY_BODY = YES;
				CLANG_WARN_ENUM_CONVERSION = YES;
				CLANG_WARN_INFINITE_RECURSION = YES;
				CLANG_WARN_INT_CONVERSION = YES;
				CLANG_WARN_NON_LITERAL_NULL_CONVERSION = YES;
				CLANG_WARN_OBJC_IMPLICIT_RETAIN_SELF = YES;
				CLANG_WARN_OBJC_LITERAL_CONVERSION = YES;
				CLANG_WARN_OBJC_ROOT_CLASS = YES_ERROR;
				CLANG_WARN_RANGE_LOOP_ANALYSIS = YES;
				CLANG_WARN_STRICT_PROTOTYPES = YES;
				CLANG_WARN_SUSPICIOUS_MOVE = YES;
				CLANG_WARN_UNGUARDED_AVAILABILITY = YES_AGGRESSIVE;
				CLANG_WARN_UNREACHABLE_CODE = YES;
				CLANG_WARN__DUPLICATE_METHOD_MATCH = YES;
				CODE_SIGN_IDENTITY = "iPhone Developer";
				COPY_PHASE_STRIP = NO;
				DEBUG_INFORMATION_FORMAT = dwarf;
				ENABLE_STRICT_OBJC_MSGSEND = YES;
				ENABLE_TESTABILITY = YES;
				GCC_C_LANGUAGE_STANDARD = gnu11;
				GCC_DYNAMIC_NO_PIC = NO;
				GCC_NO_COMMON_BLOCKS = YES;
				GCC_OPTIMIZATION_LEVEL = 0;
				GCC_PREPROCESSOR_DEFINITIONS = (
					"DEBUG=1",
					"$(inherited)",
				);
				GCC_WARN_64_TO_32_BIT_CONVERSION = YES;
				GCC_WARN_ABOUT_RETURN_TYPE = YES_ERROR;
				GCC_WARN_UNDECLARED_SELECTOR = YES;
				GCC_WARN_UNINITIALIZED_AUTOS = YES_AGGRESSIVE;
				GCC_WARN_UNUSED_FUNCTION = YES;
				GCC_WARN_UNUSED_VARIABLE = YES;
				IPHONEOS_DEPLOYMENT_TARGET = 12.2;
				MTL_ENABLE_DEBUG_INFO = INCLUDE_SOURCE;
				MTL_FAST_MATH = YES;
				ONLY_ACTIVE_ARCH = YES;
				SDKROOT = iphoneos;
				SWIFT_ACTIVE_COMPILATION_CONDITIONS = DEBUG;
				SWIFT_OPTIMIZATION_LEVEL = "-Onone";
			};
			name = Debug;
		};
		38A8350A22DCBEC60066701D /* Release */ = {
			isa = XCBuildConfiguration;
			buildSettings = {
				ALWAYS_SEARCH_USER_PATHS = NO;
				CLANG_ANALYZER_NONNULL = YES;
				CLANG_ANALYZER_NUMBER_OBJECT_CONVERSION = YES_AGGRESSIVE;
				CLANG_CXX_LANGUAGE_STANDARD = "gnu++14";
				CLANG_CXX_LIBRARY = "libc++";
				CLANG_ENABLE_MODULES = YES;
				CLANG_ENABLE_OBJC_ARC = YES;
				CLANG_ENABLE_OBJC_WEAK = YES;
				CLANG_WARN_BLOCK_CAPTURE_AUTORELEASING = YES;
				CLANG_WARN_BOOL_CONVERSION = YES;
				CLANG_WARN_COMMA = YES;
				CLANG_WARN_CONSTANT_CONVERSION = YES;
				CLANG_WARN_DEPRECATED_OBJC_IMPLEMENTATIONS = YES;
				CLANG_WARN_DIRECT_OBJC_ISA_USAGE = YES_ERROR;
				CLANG_WARN_DOCUMENTATION_COMMENTS = YES;
				CLANG_WARN_EMPTY_BODY = YES;
				CLANG_WARN_ENUM_CONVERSION = YES;
				CLANG_WARN_INFINITE_RECURSION = YES;
				CLANG_WARN_INT_CONVERSION = YES;
				CLANG_WARN_NON_LITERAL_NULL_CONVERSION = YES;
				CLANG_WARN_OBJC_IMPLICIT_RETAIN_SELF = YES;
				CLANG_WARN_OBJC_LITERAL_CONVERSION = YES;
				CLANG_WARN_OBJC_ROOT_CLASS = YES_ERROR;
				CLANG_WARN_RANGE_LOOP_ANALYSIS = YES;
				CLANG_WARN_STRICT_PROTOTYPES = YES;
				CLANG_WARN_SUSPICIOUS_MOVE = YES;
				CLANG_WARN_UNGUARDED_AVAILABILITY = YES_AGGRESSIVE;
				CLANG_WARN_UNREACHABLE_CODE = YES;
				CLANG_WARN__DUPLICATE_METHOD_MATCH = YES;
				CODE_SIGN_IDENTITY = "iPhone Developer";
				COPY_PHASE_STRIP = NO;
				DEBUG_INFORMATION_FORMAT = "dwarf-with-dsym";
				ENABLE_NS_ASSERTIONS = NO;
				ENABLE_STRICT_OBJC_MSGSEND = YES;
				GCC_C_LANGUAGE_STANDARD = gnu11;
				GCC_NO_COMMON_BLOCKS = YES;
				GCC_WARN_64_TO_32_BIT_CONVERSION = YES;
				GCC_WARN_ABOUT_RETURN_TYPE = YES_ERROR;
				GCC_WARN_UNDECLARED_SELECTOR = YES;
				GCC_WARN_UNINITIALIZED_AUTOS = YES_AGGRESSIVE;
				GCC_WARN_UNUSED_FUNCTION = YES;
				GCC_WARN_UNUSED_VARIABLE = YES;
				IPHONEOS_DEPLOYMENT_TARGET = 12.2;
				MTL_ENABLE_DEBUG_INFO = NO;
				MTL_FAST_MATH = YES;
				SDKROOT = iphoneos;
				SWIFT_COMPILATION_MODE = wholemodule;
				SWIFT_OPTIMIZATION_LEVEL = "-O";
				VALIDATE_PRODUCT = YES;
			};
			name = Release;
		};
		38A8350C22DCBEC60066701D /* Debug */ = {
			isa = XCBuildConfiguration;
			buildSettings = {
				ASSETCATALOG_COMPILER_APPICON_NAME = AppIcon;
				CODE_SIGN_STYLE = Automatic;
				DEVELOPMENT_TEAM = 74483F5P87;
				INFOPLIST_FILE = ProfileTableView/Info.plist;
				LD_RUNPATH_SEARCH_PATHS = (
					"$(inherited)",
					"@executable_path/Frameworks",
				);
				PRODUCT_BUNDLE_IDENTIFIER = come.mila.ProfileTableView.ProfileTableView;
				PRODUCT_NAME = "$(TARGET_NAME)";
				SWIFT_VERSION = 5.0;
				TARGETED_DEVICE_FAMILY = "1,2";
			};
			name = Debug;
		};
		38A8350D22DCBEC60066701D /* Release */ = {
			isa = XCBuildConfiguration;
			buildSettings = {
				ASSETCATALOG_COMPILER_APPICON_NAME = AppIcon;
				CODE_SIGN_STYLE = Automatic;
				DEVELOPMENT_TEAM = 74483F5P87;
				INFOPLIST_FILE = ProfileTableView/Info.plist;
				LD_RUNPATH_SEARCH_PATHS = (
					"$(inherited)",
					"@executable_path/Frameworks",
				);
				PRODUCT_BUNDLE_IDENTIFIER = come.mila.ProfileTableView.ProfileTableView;
				PRODUCT_NAME = "$(TARGET_NAME)";
				SWIFT_VERSION = 5.0;
				TARGETED_DEVICE_FAMILY = "1,2";
			};
			name = Release;
		};
/* End XCBuildConfiguration section */

/* Begin XCConfigurationList section */
		38A834F422DCBEC50066701D /* Build configuration list for PBXProject "ProfileTableView" */ = {
			isa = XCConfigurationList;
			buildConfigurations = (
				38A8350922DCBEC60066701D /* Debug */,
				38A8350A22DCBEC60066701D /* Release */,
			);
			defaultConfigurationIsVisible = 0;
			defaultConfigurationName = Release;
		};
		38A8350B22DCBEC60066701D /* Build configuration list for PBXNativeTarget "ProfileTableView" */ = {
			isa = XCConfigurationList;
			buildConfigurations = (
				38A8350C22DCBEC60066701D /* Debug */,
				38A8350D22DCBEC60066701D /* Release */,
			);
			defaultConfigurationIsVisible = 0;
			defaultConfigurationName = Release;
		};
/* End XCConfigurationList section */
	};
	rootObject = 38A834F122DCBEC50066701D /* Project object */;
}
